github.com/router-for-me/CLIProxyAPI/v7 v7.2.30 h1:Dx3lnwBly/OMZn6Z5//JN7RPOWH3+UJhakdeR/LcyIY=
github.com/router-for-me/CLIProxyAPI/v7 v7.2.30/go.mod h1:f4pcyAej8RoeRhIxJfm+OUMkCKaApiA8WzxR2XVlBh8=
golang.org/x/net v0.47.0 h1:Mx+4dIFzqraBXUugkia1OOvlD6LemFo1ALMHjrXDOhY=
golang.org/x/net v0.47.0/go.mod h1:/jNxtkgq5yWUGYkaZGqo27cfGZ1c5Nen03aYrrKpVRU=
